
Microsoft Visual Studio Solution File, Format Version 12.00
# Visual Studio Version 17
VisualStudioVersion = 17.14.36203.30 d17.14
MinimumVisualStudioVersion = 10.0.40219.1
Project("{FAE04EC0-301F-11D3-BF4B-00C04F79EFBC}") = "KolejkaKlientow", "KolejkaKlientow\KolejkaKlientow.csproj", "{93BA7DDF-9DE1-42EF-BCBD-49FF4B09B65E}"
EndProject
Global
	GlobalSection(SolutionConfigurationPlatforms) = preSolution
		Debug|Any CPU = Debug|Any CPU
		Release|Any CPU = Release|Any CPU
	EndGlobalSection
	GlobalSection(ProjectConfigurationPlatforms) = postSolution
		{93BA7DDF-9DE1-42EF-BCBD-49FF4B09B65E}.Debug|Any CPU.ActiveCfg = Debug|Any CPU
		{93BA7DDF-9DE1-42EF-BCBD-49FF4B09B65E}.Debug|Any CPU.Build.0 = Debug|Any CPU
		{93BA7DDF-9DE1-42EF-BCBD-49FF4B09B65E}.Release|Any CPU.ActiveCfg = Release|Any CPU
		{93BA7DDF-9DE1-42EF-BCBD-49FF4B09B65E}.Release|Any CPU.Build.0 = Release|Any CPU
	EndGlobalSection
	GlobalSection(SolutionProperties) = preSolution
		HideSolutionNode = FALSE
	EndGlobalSection
	GlobalSection(ExtensibilityGlobals) = postSolution
		SolutionGuid = {69355206-83A4-4DF8-B934-004601520DF3}
	EndGlobalSection
EndGlobal
