
Microsoft Visual Studio Solution File, Format Version 12.00
# Visual Studio Version 17
VisualStudioVersion = 17.14.36203.30 d17.14
MinimumVisualStudioVersion = 10.0.40219.1
Project("{8BC9CEB8-8B4A-11D0-8D11-00A0C91BC942}") = "Karkówka", "Karkówka\Karkówka.vcxproj", "{EA701145-1473-434C-9F1B-F6948DCD2A07}"
EndProject
Global
	GlobalSection(SolutionConfigurationPlatforms) = preSolution
		Debug|x64 = Debug|x64
		Debug|x86 = Debug|x86
		Release|x64 = Release|x64
		Release|x86 = Release|x86
	EndGlobalSection
	GlobalSection(ProjectConfigurationPlatforms) = postSolution
		{EA701145-1473-434C-9F1B-F6948DCD2A07}.Debug|x64.ActiveCfg = Debug|x64
		{EA701145-1473-434C-9F1B-F6948DCD2A07}.Debug|x64.Build.0 = Debug|x64
		{EA701145-1473-434C-9F1B-F6948DCD2A07}.Debug|x86.ActiveCfg = Debug|Win32
		{EA701145-1473-434C-9F1B-F6948DCD2A07}.Debug|x86.Build.0 = Debug|Win32
		{EA701145-1473-434C-9F1B-F6948DCD2A07}.Release|x64.ActiveCfg = Release|x64
		{EA701145-1473-434C-9F1B-F6948DCD2A07}.Release|x64.Build.0 = Release|x64
		{EA701145-1473-434C-9F1B-F6948DCD2A07}.Release|x86.ActiveCfg = Release|Win32
		{EA701145-1473-434C-9F1B-F6948DCD2A07}.Release|x86.Build.0 = Release|Win32
	EndGlobalSection
	GlobalSection(SolutionProperties) = preSolution
		HideSolutionNode = FALSE
	EndGlobalSection
	GlobalSection(ExtensibilityGlobals) = postSolution
		SolutionGuid = {8F337E8E-CED4-46CC-8FBF-B09C5ED7814F}
	EndGlobalSection
EndGlobal
