
Microsoft Visual Studio Solution File, Format Version 12.00
# Visual Studio Version 17
VisualStudioVersion = 17.14.36203.30 d17.14
MinimumVisualStudioVersion = 10.0.40219.1
Project("{FAE04EC0-301F-11D3-BF4B-00C04F79EFBC}") = "Zada", "Zada\Zada.csproj", "{31E39F54-1814-4462-AA19-2187285D378B}"
EndProject
Global
	GlobalSection(SolutionConfigurationPlatforms) = preSolution
		Debug|Any CPU = Debug|Any CPU
		Release|Any CPU = Release|Any CPU
	EndGlobalSection
	GlobalSection(ProjectConfigurationPlatforms) = postSolution
		{31E39F54-1814-4462-AA19-2187285D378B}.Debug|Any CPU.ActiveCfg = Debug|Any CPU
		{31E39F54-1814-4462-AA19-2187285D378B}.Debug|Any CPU.Build.0 = Debug|Any CPU
		{31E39F54-1814-4462-AA19-2187285D378B}.Release|Any CPU.ActiveCfg = Release|Any CPU
		{31E39F54-1814-4462-AA19-2187285D378B}.Release|Any CPU.Build.0 = Release|Any CPU
	EndGlobalSection
	GlobalSection(SolutionProperties) = preSolution
		HideSolutionNode = FALSE
	EndGlobalSection
	GlobalSection(ExtensibilityGlobals) = postSolution
		SolutionGuid = {A9983208-8490-42E4-BE41-FBD2CD1CC4F5}
	EndGlobalSection
EndGlobal
