
Microsoft Visual Studio Solution File, Format Version 12.00
# Visual Studio Version 17
VisualStudioVersion = 17.14.36203.30 d17.14
MinimumVisualStudioVersion = 10.0.40219.1
Project("{8BC9CEB8-8B4A-11D0-8D11-00A0C91BC942}") = "ZAD 4", "ZAD 4\ZAD 4.vcxproj", "{657A5C29-6136-4178-94D5-D65F05FF8963}"
EndProject
Global
	GlobalSection(SolutionConfigurationPlatforms) = preSolution
		Debug|x64 = Debug|x64
		Debug|x86 = Debug|x86
		Release|x64 = Release|x64
		Release|x86 = Release|x86
	EndGlobalSection
	GlobalSection(ProjectConfigurationPlatforms) = postSolution
		{657A5C29-6136-4178-94D5-D65F05FF8963}.Debug|x64.ActiveCfg = Debug|x64
		{657A5C29-6136-4178-94D5-D65F05FF8963}.Debug|x64.Build.0 = Debug|x64
		{657A5C29-6136-4178-94D5-D65F05FF8963}.Debug|x86.ActiveCfg = Debug|Win32
		{657A5C29-6136-4178-94D5-D65F05FF8963}.Debug|x86.Build.0 = Debug|Win32
		{657A5C29-6136-4178-94D5-D65F05FF8963}.Release|x64.ActiveCfg = Release|x64
		{657A5C29-6136-4178-94D5-D65F05FF8963}.Release|x64.Build.0 = Release|x64
		{657A5C29-6136-4178-94D5-D65F05FF8963}.Release|x86.ActiveCfg = Release|Win32
		{657A5C29-6136-4178-94D5-D65F05FF8963}.Release|x86.Build.0 = Release|Win32
	EndGlobalSection
	GlobalSection(SolutionProperties) = preSolution
		HideSolutionNode = FALSE
	EndGlobalSection
	GlobalSection(ExtensibilityGlobals) = postSolution
		SolutionGuid = {A618F3D3-9CD0-4D08-89A0-919444B9749A}
	EndGlobalSection
EndGlobal
