
Microsoft Visual Studio Solution File, Format Version 12.00
# Visual Studio Version 17
VisualStudioVersion = 17.14.36203.30 d17.14
MinimumVisualStudioVersion = 10.0.40219.1
Project("{FAE04EC0-301F-11D3-BF4B-00C04F79EFBC}") = "Listy i STOS", "Listy i STOS\Listy i STOS.csproj", "{089D26BE-4D59-405E-B5C1-CBF7A3FB20FC}"
EndProject
Global
	GlobalSection(SolutionConfigurationPlatforms) = preSolution
		Debug|Any CPU = Debug|Any CPU
		Release|Any CPU = Release|Any CPU
	EndGlobalSection
	GlobalSection(ProjectConfigurationPlatforms) = postSolution
		{089D26BE-4D59-405E-B5C1-CBF7A3FB20FC}.Debug|Any CPU.ActiveCfg = Debug|Any CPU
		{089D26BE-4D59-405E-B5C1-CBF7A3FB20FC}.Debug|Any CPU.Build.0 = Debug|Any CPU
		{089D26BE-4D59-405E-B5C1-CBF7A3FB20FC}.Release|Any CPU.ActiveCfg = Release|Any CPU
		{089D26BE-4D59-405E-B5C1-CBF7A3FB20FC}.Release|Any CPU.Build.0 = Release|Any CPU
	EndGlobalSection
	GlobalSection(SolutionProperties) = preSolution
		HideSolutionNode = FALSE
	EndGlobalSection
	GlobalSection(ExtensibilityGlobals) = postSolution
		SolutionGuid = {517734FF-6236-4CB6-BF01-5DB855069762}
	EndGlobalSection
EndGlobal
