
Microsoft Visual Studio Solution File, Format Version 12.00
# Visual Studio Version 17
VisualStudioVersion = 17.14.36203.30 d17.14
MinimumVisualStudioVersion = 10.0.40219.1
Project("{FAE04EC0-301F-11D3-BF4B-00C04F79EFBC}") = "Zadanie1", "Zadanie1\Zadanie1.csproj", "{002C6AE6-551E-49CA-83CB-9A63674AEED5}"
EndProject
Global
	GlobalSection(SolutionConfigurationPlatforms) = preSolution
		Debug|Any CPU = Debug|Any CPU
		Release|Any CPU = Release|Any CPU
	EndGlobalSection
	GlobalSection(ProjectConfigurationPlatforms) = postSolution
		{002C6AE6-551E-49CA-83CB-9A63674AEED5}.Debug|Any CPU.ActiveCfg = Debug|Any CPU
		{002C6AE6-551E-49CA-83CB-9A63674AEED5}.Debug|Any CPU.Build.0 = Debug|Any CPU
		{002C6AE6-551E-49CA-83CB-9A63674AEED5}.Release|Any CPU.ActiveCfg = Release|Any CPU
		{002C6AE6-551E-49CA-83CB-9A63674AEED5}.Release|Any CPU.Build.0 = Release|Any CPU
	EndGlobalSection
	GlobalSection(SolutionProperties) = preSolution
		HideSolutionNode = FALSE
	EndGlobalSection
	GlobalSection(ExtensibilityGlobals) = postSolution
		SolutionGuid = {BE3C26F5-6F69-4E48-9A1B-5A33C4C7544A}
	EndGlobalSection
EndGlobal
