
Microsoft Visual Studio Solution File, Format Version 12.00
# Visual Studio Version 17
VisualStudioVersion = 17.14.36203.30 d17.14
MinimumVisualStudioVersion = 10.0.40219.1
Project("{FAE04EC0-301F-11D3-BF4B-00C04F79EFBC}") = "KalkulatorKwotyWycieczki", "KalkulatorKwotyWycieczki\KalkulatorKwotyWycieczki.csproj", "{2503FE05-366E-444A-A6AB-06CBCA4C1CAF}"
EndProject
Global
	GlobalSection(SolutionConfigurationPlatforms) = preSolution
		Debug|Any CPU = Debug|Any CPU
		Release|Any CPU = Release|Any CPU
	EndGlobalSection
	GlobalSection(ProjectConfigurationPlatforms) = postSolution
		{2503FE05-366E-444A-A6AB-06CBCA4C1CAF}.Debug|Any CPU.ActiveCfg = Debug|Any CPU
		{2503FE05-366E-444A-A6AB-06CBCA4C1CAF}.Debug|Any CPU.Build.0 = Debug|Any CPU
		{2503FE05-366E-444A-A6AB-06CBCA4C1CAF}.Release|Any CPU.ActiveCfg = Release|Any CPU
		{2503FE05-366E-444A-A6AB-06CBCA4C1CAF}.Release|Any CPU.Build.0 = Release|Any CPU
	EndGlobalSection
	GlobalSection(SolutionProperties) = preSolution
		HideSolutionNode = FALSE
	EndGlobalSection
	GlobalSection(ExtensibilityGlobals) = postSolution
		SolutionGuid = {A3629555-8693-48AB-B651-29ADC82A38FA}
	EndGlobalSection
EndGlobal
